
Microsoft Visual Studio Solution File, Format Version 12.00
# Visual Studio Version 17
VisualStudioVersion = 17.2.32526.322
MinimumVisualStudioVersion = 10.0.40219.1
Project("{9A19103F-16F7-4668-BE54-9A1E7A4F7556}") = "Defender.Application", "Defender.Application\Defender.Application.csproj", "{597FA688-3777-472C-A994-9BD8CB2BD0B2}"
EndProject
Project("{9A19103F-16F7-4668-BE54-9A1E7A4F7556}") = "Defender.Services.Api", "Defender.Services.Api\Defender.Services.Api.csproj", "{719D42EF-8CC1-4D37-B977-694C24992180}"
EndProject
Project("{2150E333-8FDC-42A3-9474-1A3956D46DE8}") = "Src", "Src", "{C2966AB9-989E-4724-B7F7-288F3F4D2987}"
EndProject
Project("{2150E333-8FDC-42A3-9474-1A3956D46DE8}") = "Tests", "Tests", "{CC638C00-D9AA-4CD7-80EA-B40C8F9B1198}"
EndProject
Project("{2150E333-8FDC-42A3-9474-1A3956D46DE8}") = "Services", "Services", "{ECB2A8D5-6C11-4B47-8DDE-8219D84D14B8}"
EndProject
Project("{2150E333-8FDC-42A3-9474-1A3956D46DE8}") = "Infrastructure", "Infrastructure", "{2578517A-30E3-4519-881E-774159553AAD}"
EndProject
Project("{2150E333-8FDC-42A3-9474-1A3956D46DE8}") = "Application", "Application", "{0DBB80E1-B1F2-4541-9003-1FC86FD5D914}"
EndProject
Project("{9A19103F-16F7-4668-BE54-9A1E7A4F7556}") = "Defender.Infrastructure.Data", "Defender.Infrastructure.Data\Defender.Infrastructure.Data.csproj", "{129A1F8E-BD6B-4366-A87A-124A1D05B751}"
EndProject
Project("{2150E333-8FDC-42A3-9474-1A3956D46DE8}") = "Domain", "Domain", "{E14E8573-78FD-4129-A745-07A9C858B787}"
EndProject
Project("{9A19103F-16F7-4668-BE54-9A1E7A4F7556}") = "Defender.Domain.Core", "Defender.Domain.Core\Defender.Domain.Core.csproj", "{33295D88-91E8-4F46-8644-B268F879AD26}"
EndProject
Project("{9A19103F-16F7-4668-BE54-9A1E7A4F7556}") = "Defender.Domain", "Defender.Domain\Defender.Domain.csproj", "{B080B8B2-8F20-4FED-94F7-EB24204C1F59}"
EndProject
Project("{9A19103F-16F7-4668-BE54-9A1E7A4F7556}") = "Defender.Infrastructure.Bus", "Defender.Infrastructure.Bus\Defender.Infrastructure.Bus.csproj", "{DBF47488-365F-42D7-91E8-2C2A9B544076}"
EndProject
Project("{9A19103F-16F7-4668-BE54-9A1E7A4F7556}") = "Defender.Infrastructure.IoC", "Defender.Infrastructure.IoC\Defender.Infrastructure.IoC.csproj", "{4D56F51D-E2A5-4B11-83B7-ED3AB968A3C5}"
EndProject
Project("{9A19103F-16F7-4668-BE54-9A1E7A4F7556}") = "Defender.Services.Client", "Defender.Services.Client\Defender.Services.Client.csproj", "{07444615-E659-4B0C-B74B-DBD386C92AE2}"
EndProject
Project("{FAE04EC0-301F-11D3-BF4B-00C04F79EFBC}") = "Defender.Tests.Benchmark", "Defender.Tests.Benchmark\Defender.Tests.Benchmark.csproj", "{D3751BEA-FF38-49A2-AFCE-1F68F20BE251}"
EndProject
Project("{FAE04EC0-301F-11D3-BF4B-00C04F79EFBC}") = "Defender.Tests.FileGenerator", "Defender.Tests.FileGenerator\Defender.Tests.FileGenerator.csproj", "{9B812232-795F-4649-BFDF-6153E27863D6}"
EndProject
Global
	GlobalSection(SolutionConfigurationPlatforms) = preSolution
		Debug|Any CPU = Debug|Any CPU
		Release|Any CPU = Release|Any CPU
	EndGlobalSection
	GlobalSection(ProjectConfigurationPlatforms) = postSolution
		{597FA688-3777-472C-A994-9BD8CB2BD0B2}.Debug|Any CPU.ActiveCfg = Debug|Any CPU
		{597FA688-3777-472C-A994-9BD8CB2BD0B2}.Debug|Any CPU.Build.0 = Debug|Any CPU
		{597FA688-3777-472C-A994-9BD8CB2BD0B2}.Release|Any CPU.ActiveCfg = Release|Any CPU
		{597FA688-3777-472C-A994-9BD8CB2BD0B2}.Release|Any CPU.Build.0 = Release|Any CPU
		{719D42EF-8CC1-4D37-B977-694C24992180}.Debug|Any CPU.ActiveCfg = Debug|Any CPU
		{719D42EF-8CC1-4D37-B977-694C24992180}.Debug|Any CPU.Build.0 = Debug|Any CPU
		{719D42EF-8CC1-4D37-B977-694C24992180}.Release|Any CPU.ActiveCfg = Release|Any CPU
		{719D42EF-8CC1-4D37-B977-694C24992180}.Release|Any CPU.Build.0 = Release|Any CPU
		{129A1F8E-BD6B-4366-A87A-124A1D05B751}.Debug|Any CPU.ActiveCfg = Debug|Any CPU
		{129A1F8E-BD6B-4366-A87A-124A1D05B751}.Debug|Any CPU.Build.0 = Debug|Any CPU
		{129A1F8E-BD6B-4366-A87A-124A1D05B751}.Release|Any CPU.ActiveCfg = Release|Any CPU
		{129A1F8E-BD6B-4366-A87A-124A1D05B751}.Release|Any CPU.Build.0 = Release|Any CPU
		{33295D88-91E8-4F46-8644-B268F879AD26}.Debug|Any CPU.ActiveCfg = Debug|Any CPU
		{33295D88-91E8-4F46-8644-B268F879AD26}.Debug|Any CPU.Build.0 = Debug|Any CPU
		{33295D88-91E8-4F46-8644-B268F879AD26}.Release|Any CPU.ActiveCfg = Release|Any CPU
		{33295D88-91E8-4F46-8644-B268F879AD26}.Release|Any CPU.Build.0 = Release|Any CPU
		{B080B8B2-8F20-4FED-94F7-EB24204C1F59}.Debug|Any CPU.ActiveCfg = Debug|Any CPU
		{B080B8B2-8F20-4FED-94F7-EB24204C1F59}.Debug|Any CPU.Build.0 = Debug|Any CPU
		{B080B8B2-8F20-4FED-94F7-EB24204C1F59}.Release|Any CPU.ActiveCfg = Release|Any CPU
		{B080B8B2-8F20-4FED-94F7-EB24204C1F59}.Release|Any CPU.Build.0 = Release|Any CPU
		{DBF47488-365F-42D7-91E8-2C2A9B544076}.Debug|Any CPU.ActiveCfg = Debug|Any CPU
		{DBF47488-365F-42D7-91E8-2C2A9B544076}.Debug|Any CPU.Build.0 = Debug|Any CPU
		{DBF47488-365F-42D7-91E8-2C2A9B544076}.Release|Any CPU.ActiveCfg = Release|Any CPU
		{DBF47488-365F-42D7-91E8-2C2A9B544076}.Release|Any CPU.Build.0 = Release|Any CPU
		{4D56F51D-E2A5-4B11-83B7-ED3AB968A3C5}.Debug|Any CPU.ActiveCfg = Debug|Any CPU
		{4D56F51D-E2A5-4B11-83B7-ED3AB968A3C5}.Debug|Any CPU.Build.0 = Debug|Any CPU
		{4D56F51D-E2A5-4B11-83B7-ED3AB968A3C5}.Release|Any CPU.ActiveCfg = Release|Any CPU
		{4D56F51D-E2A5-4B11-83B7-ED3AB968A3C5}.Release|Any CPU.Build.0 = Release|Any CPU
		{07444615-E659-4B0C-B74B-DBD386C92AE2}.Debug|Any CPU.ActiveCfg = Debug|Any CPU
		{07444615-E659-4B0C-B74B-DBD386C92AE2}.Debug|Any CPU.Build.0 = Debug|Any CPU
		{07444615-E659-4B0C-B74B-DBD386C92AE2}.Release|Any CPU.ActiveCfg = Release|Any CPU
		{07444615-E659-4B0C-B74B-DBD386C92AE2}.Release|Any CPU.Build.0 = Release|Any CPU
		{D3751BEA-FF38-49A2-AFCE-1F68F20BE251}.Debug|Any CPU.ActiveCfg = Debug|Any CPU
		{D3751BEA-FF38-49A2-AFCE-1F68F20BE251}.Debug|Any CPU.Build.0 = Debug|Any CPU
		{D3751BEA-FF38-49A2-AFCE-1F68F20BE251}.Release|Any CPU.ActiveCfg = Release|Any CPU
		{D3751BEA-FF38-49A2-AFCE-1F68F20BE251}.Release|Any CPU.Build.0 = Release|Any CPU
		{9B812232-795F-4649-BFDF-6153E27863D6}.Debug|Any CPU.ActiveCfg = Debug|Any CPU
		{9B812232-795F-4649-BFDF-6153E27863D6}.Debug|Any CPU.Build.0 = Debug|Any CPU
		{9B812232-795F-4649-BFDF-6153E27863D6}.Release|Any CPU.ActiveCfg = Release|Any CPU
		{9B812232-795F-4649-BFDF-6153E27863D6}.Release|Any CPU.Build.0 = Release|Any CPU
	EndGlobalSection
	GlobalSection(SolutionProperties) = preSolution
		HideSolutionNode = FALSE
	EndGlobalSection
	GlobalSection(NestedProjects) = preSolution
		{597FA688-3777-472C-A994-9BD8CB2BD0B2} = {0DBB80E1-B1F2-4541-9003-1FC86FD5D914}
		{719D42EF-8CC1-4D37-B977-694C24992180} = {ECB2A8D5-6C11-4B47-8DDE-8219D84D14B8}
		{ECB2A8D5-6C11-4B47-8DDE-8219D84D14B8} = {C2966AB9-989E-4724-B7F7-288F3F4D2987}
		{2578517A-30E3-4519-881E-774159553AAD} = {C2966AB9-989E-4724-B7F7-288F3F4D2987}
		{0DBB80E1-B1F2-4541-9003-1FC86FD5D914} = {C2966AB9-989E-4724-B7F7-288F3F4D2987}
		{129A1F8E-BD6B-4366-A87A-124A1D05B751} = {2578517A-30E3-4519-881E-774159553AAD}
		{E14E8573-78FD-4129-A745-07A9C858B787} = {C2966AB9-989E-4724-B7F7-288F3F4D2987}
		{33295D88-91E8-4F46-8644-B268F879AD26} = {E14E8573-78FD-4129-A745-07A9C858B787}
		{B080B8B2-8F20-4FED-94F7-EB24204C1F59} = {E14E8573-78FD-4129-A745-07A9C858B787}
		{DBF47488-365F-42D7-91E8-2C2A9B544076} = {2578517A-30E3-4519-881E-774159553AAD}
		{4D56F51D-E2A5-4B11-83B7-ED3AB968A3C5} = {2578517A-30E3-4519-881E-774159553AAD}
		{07444615-E659-4B0C-B74B-DBD386C92AE2} = {ECB2A8D5-6C11-4B47-8DDE-8219D84D14B8}
		{D3751BEA-FF38-49A2-AFCE-1F68F20BE251} = {CC638C00-D9AA-4CD7-80EA-B40C8F9B1198}
		{9B812232-795F-4649-BFDF-6153E27863D6} = {CC638C00-D9AA-4CD7-80EA-B40C8F9B1198}
	EndGlobalSection
	GlobalSection(ExtensibilityGlobals) = postSolution
		SolutionGuid = {3BBED7A0-DEF4-4F8D-BABC-295F87EF47E5}
	EndGlobalSection
EndGlobal
